{
  "requires": true,
  "lockfileVersion": 1,
  "dependencies": {
    "@types/jquery": {
      "version": "3.3.4",
      "resolved": "https://registry.npmjs.org/@types/jquery/-/jquery-3.3.4.tgz",
      "integrity": "sha512-KqgLNDh8oTl43/2B78S7tjwPnOxPtP9wQsLptbuQCmMwqH5QuPZOk36RsNgbs3mnq/3SCyG1l/GJmhKk5Dg68g=="
    },
    "@types/jqueryui": {
      "version": "1.12.2",
      "resolved": "https://registry.npmjs.org/@types/jqueryui/-/jqueryui-1.12.2.tgz",
      "integrity": "sha512-OZ3HZFxpyaoCgFO4qBliDS5QzeN+/X9Mr76VUD4L1TTOW0OYtnJl3bG4AfPI8Of7i0xgUA79Oo4KgteMnjllOQ==",
      "requires": {
        "@types/jquery": "*"
      }
    },
    "@types/mustache": {
      "version": "0.8.31",
      "resolved": "https://registry.npmjs.org/@types/mustache/-/mustache-0.8.31.tgz",
      "integrity": "sha512-72flCZJkEJHPwhmpHgg4a0ZBLssMhg5NB0yltRblRlZMo4py3B/u/d7icevc4EeN9MPQUo/dPtuVOoVy9ih6cQ=="
    },
    "@types/vue": {
      "version": "2.0.0",
      "resolved": "https://registry.npmjs.org/@types/vue/-/vue-2.0.0.tgz",
      "integrity": "sha1-7Hez2JWR3rnKXLBSNoqpwyvgiOc=",
      "requires": {
        "vue": "*"
      }
    },
    "uglifycss": {
      "version": "0.0.29",
      "resolved": "https://registry.npmjs.org/uglifycss/-/uglifycss-0.0.29.tgz",
      "integrity": "sha512-J2SQ2QLjiknNGbNdScaNZsXgmMGI0kYNrXaDlr4obnPW9ni1jljb1NeEVWAiTgZ8z+EBWP2ozfT9vpy03rjlMQ=="
    },
    "vue": {
      "version": "2.5.16",
      "resolved": "https://registry.npmjs.org/vue/-/vue-2.5.16.tgz",
      "integrity": "sha512-/ffmsiVuPC8PsWcFkZngdpas19ABm5mh2wA7iDqcltyCTwlgZjHGeJYOXkBMo422iPwIcviOtrTCUpSfXmToLQ=="
    }
  }
}
